
Microsoft Visual Studio Solution File, Format Version 12.00
# Visual Studio Version 17
VisualStudioVersion = 17.9.34728.123
MinimumVisualStudioVersion = 10.0.40219.1
Project("{9A19103F-16F7-4668-BE54-9A1E7A4F7556}") = "prueba1.0", "prueba1.0\prueba1.0.csproj", "{11EE036F-AF38-41A9-8E28-578CCB3F6DDD}"
EndProject
Project("{9A19103F-16F7-4668-BE54-9A1E7A4F7556}") = "Prueba_Web", "Prueba_Web\Prueba_Web.csproj", "{9EDE2E46-E31C-4D1E-AA86-4DA03D602C68}"
	ProjectSection(ProjectDependencies) = postProject
		{3D2FD782-2BEA-4A6A-BDDE-2840DAB74460} = {3D2FD782-2BEA-4A6A-BDDE-2840DAB74460}
	EndProjectSection
EndProject
Project("{9A19103F-16F7-4668-BE54-9A1E7A4F7556}") = "Prueba_Utilidad", "Prueba_Utilidad\Prueba_Utilidad.csproj", "{3D2FD782-2BEA-4A6A-BDDE-2840DAB74460}"
EndProject
Global
	GlobalSection(SolutionConfigurationPlatforms) = preSolution
		Debug|Any CPU = Debug|Any CPU
		Release|Any CPU = Release|Any CPU
	EndGlobalSection
	GlobalSection(ProjectConfigurationPlatforms) = postSolution
		{11EE036F-AF38-41A9-8E28-578CCB3F6DDD}.Debug|Any CPU.ActiveCfg = Debug|Any CPU
		{11EE036F-AF38-41A9-8E28-578CCB3F6DDD}.Debug|Any CPU.Build.0 = Debug|Any CPU
		{11EE036F-AF38-41A9-8E28-578CCB3F6DDD}.Release|Any CPU.ActiveCfg = Release|Any CPU
		{11EE036F-AF38-41A9-8E28-578CCB3F6DDD}.Release|Any CPU.Build.0 = Release|Any CPU
		{9EDE2E46-E31C-4D1E-AA86-4DA03D602C68}.Debug|Any CPU.ActiveCfg = Debug|Any CPU
		{9EDE2E46-E31C-4D1E-AA86-4DA03D602C68}.Debug|Any CPU.Build.0 = Debug|Any CPU
		{9EDE2E46-E31C-4D1E-AA86-4DA03D602C68}.Release|Any CPU.ActiveCfg = Release|Any CPU
		{9EDE2E46-E31C-4D1E-AA86-4DA03D602C68}.Release|Any CPU.Build.0 = Release|Any CPU
		{3D2FD782-2BEA-4A6A-BDDE-2840DAB74460}.Debug|Any CPU.ActiveCfg = Debug|Any CPU
		{3D2FD782-2BEA-4A6A-BDDE-2840DAB74460}.Debug|Any CPU.Build.0 = Debug|Any CPU
		{3D2FD782-2BEA-4A6A-BDDE-2840DAB74460}.Release|Any CPU.ActiveCfg = Release|Any CPU
		{3D2FD782-2BEA-4A6A-BDDE-2840DAB74460}.Release|Any CPU.Build.0 = Release|Any CPU
	EndGlobalSection
	GlobalSection(SolutionProperties) = preSolution
		HideSolutionNode = FALSE
	EndGlobalSection
	GlobalSection(ExtensibilityGlobals) = postSolution
		SolutionGuid = {E5D30ACE-DDCC-4857-B109-D6A7AA14398C}
	EndGlobalSection
EndGlobal
